
Microsoft Visual Studio Solution File, Format Version 12.00
# Visual Studio Version 17
VisualStudioVersion = 17.4.33110.190
MinimumVisualStudioVersion = 10.0.40219.1
Project("{FAE04EC0-301F-11D3-BF4B-00C04F79EFBC}") = "waveFunctionColapse1", "waveFunctionColapse1.csproj", "{14037ECF-BC9B-4998-A72B-F2EC68D2DB01}"
EndProject
Global
	GlobalSection(SolutionConfigurationPlatforms) = preSolution
		Debug|Any CPU = Debug|Any CPU
		Release|Any CPU = Release|Any CPU
	EndGlobalSection
	GlobalSection(ProjectConfigurationPlatforms) = postSolution
		{14037ECF-BC9B-4998-A72B-F2EC68D2DB01}.Debug|Any CPU.ActiveCfg = Debug|Any CPU
		{14037ECF-BC9B-4998-A72B-F2EC68D2DB01}.Debug|Any CPU.Build.0 = Debug|Any CPU
		{14037ECF-BC9B-4998-A72B-F2EC68D2DB01}.Release|Any CPU.ActiveCfg = Release|Any CPU
		{14037ECF-BC9B-4998-A72B-F2EC68D2DB01}.Release|Any CPU.Build.0 = Release|Any CPU
	EndGlobalSection
	GlobalSection(SolutionProperties) = preSolution
		HideSolutionNode = FALSE
	EndGlobalSection
	GlobalSection(ExtensibilityGlobals) = postSolution
		SolutionGuid = {20295369-C9C8-4387-A90F-DCA36BC3096D}
	EndGlobalSection
EndGlobal
